
Microsoft Visual Studio Solution File, Format Version 12.00
Project("{2150E333-8FDC-42A3-9474-1A3956D46DE8}") = "Solution Items", "Solution Items", "{6711CB5F-0D3C-4F40-A636-03D1E4C81321}"
				ProjectSection(SolutionItems) = preProject
								.editorconfig = .editorconfig
								.gitattributes = .gitattributes
								.gitignore = .gitignore
								Directory.Build.props = Directory.Build.props
								Directory.Packages.props = Directory.Packages.props
								README.md = README.md
				EndProjectSection
EndProject
Project("{FAE04EC0-301F-11D3-BF4B-00C04F79EFBC}") = "Sample.Aspire.AppHost", "src\Sample.Aspire.AppHost\Sample.Aspire.AppHost.csproj", "{C5A406D7-2D59-4855-AF8A-18E086A05BBA}"
EndProject
Project("{FAE04EC0-301F-11D3-BF4B-00C04F79EFBC}") = "Sample.Aspire.ServiceDefaults", "src\Sample.Aspire.ServiceDefaults\Sample.Aspire.ServiceDefaults.csproj", "{E4F98057-32F0-49DF-B8B4-C88162643772}"
EndProject
Project("{FAE04EC0-301F-11D3-BF4B-00C04F79EFBC}") = "Sample.Web", "src\Sample.Web\Sample.Web.csproj", "{D65D7F53-8A92-4AE3-BF25-FF1CD317AF58}"
EndProject
Project("{FAE04EC0-301F-11D3-BF4B-00C04F79EFBC}") = "Sample.Database", "src\Sample.Database\Sample.Database.csproj", "{159A69E8-F69A-4A09-8A32-B6E02AB2E48B}"
EndProject
Project("{FAE04EC0-301F-11D3-BF4B-00C04F79EFBC}") = "Sample.Worker", "src\Sample.Worker\Sample.Worker.csproj", "{C9D5BB68-6FF0-4F82-85B7-60A301B3EAC9}"
EndProject
Project("{FAE04EC0-301F-11D3-BF4B-00C04F79EFBC}") = "Sample.Migrator", "src\Sample.Migrator\Sample.Migrator.csproj", "{7B038A23-C58B-4C7A-AF4D-1F12B23995C5}"
EndProject
Project("{FAE04EC0-301F-11D3-BF4B-00C04F79EFBC}") = "Sample.Common", "src\Sample.Common\Sample.Common.csproj", "{10A16A3C-38D8-4CB8-8C92-F631D866A531}"
EndProject
Project("{FAE04EC0-301F-11D3-BF4B-00C04F79EFBC}") = "Sample.Consumer", "src\Sample.Consumer\Sample.Consumer.csproj", "{B446805F-221F-4655-BD33-000E20CE79A6}"
EndProject
Project("{FAE04EC0-301F-11D3-BF4B-00C04F79EFBC}") = "Sample.Console", "src\Sample.Console\Sample.Console.csproj", "{BA67A836-5E11-4527-B25D-D648FB790C1A}"
EndProject
Global
	GlobalSection(SolutionConfigurationPlatforms) = preSolution
		Debug|Any CPU = Debug|Any CPU
		Release|Any CPU = Release|Any CPU
	EndGlobalSection
	GlobalSection(ProjectConfigurationPlatforms) = postSolution
		{C5A406D7-2D59-4855-AF8A-18E086A05BBA}.Debug|Any CPU.ActiveCfg = Debug|Any CPU
		{C5A406D7-2D59-4855-AF8A-18E086A05BBA}.Debug|Any CPU.Build.0 = Debug|Any CPU
		{C5A406D7-2D59-4855-AF8A-18E086A05BBA}.Release|Any CPU.ActiveCfg = Release|Any CPU
		{C5A406D7-2D59-4855-AF8A-18E086A05BBA}.Release|Any CPU.Build.0 = Release|Any CPU
		{E4F98057-32F0-49DF-B8B4-C88162643772}.Debug|Any CPU.ActiveCfg = Debug|Any CPU
		{E4F98057-32F0-49DF-B8B4-C88162643772}.Debug|Any CPU.Build.0 = Debug|Any CPU
		{E4F98057-32F0-49DF-B8B4-C88162643772}.Release|Any CPU.ActiveCfg = Release|Any CPU
		{E4F98057-32F0-49DF-B8B4-C88162643772}.Release|Any CPU.Build.0 = Release|Any CPU
		{D65D7F53-8A92-4AE3-BF25-FF1CD317AF58}.Debug|Any CPU.ActiveCfg = Debug|Any CPU
		{D65D7F53-8A92-4AE3-BF25-FF1CD317AF58}.Debug|Any CPU.Build.0 = Debug|Any CPU
		{D65D7F53-8A92-4AE3-BF25-FF1CD317AF58}.Release|Any CPU.ActiveCfg = Release|Any CPU
		{D65D7F53-8A92-4AE3-BF25-FF1CD317AF58}.Release|Any CPU.Build.0 = Release|Any CPU
		{159A69E8-F69A-4A09-8A32-B6E02AB2E48B}.Debug|Any CPU.ActiveCfg = Debug|Any CPU
		{159A69E8-F69A-4A09-8A32-B6E02AB2E48B}.Debug|Any CPU.Build.0 = Debug|Any CPU
		{159A69E8-F69A-4A09-8A32-B6E02AB2E48B}.Release|Any CPU.ActiveCfg = Release|Any CPU
		{159A69E8-F69A-4A09-8A32-B6E02AB2E48B}.Release|Any CPU.Build.0 = Release|Any CPU
		{C9D5BB68-6FF0-4F82-85B7-60A301B3EAC9}.Debug|Any CPU.ActiveCfg = Debug|Any CPU
		{C9D5BB68-6FF0-4F82-85B7-60A301B3EAC9}.Debug|Any CPU.Build.0 = Debug|Any CPU
		{C9D5BB68-6FF0-4F82-85B7-60A301B3EAC9}.Release|Any CPU.ActiveCfg = Release|Any CPU
		{C9D5BB68-6FF0-4F82-85B7-60A301B3EAC9}.Release|Any CPU.Build.0 = Release|Any CPU
		{7B038A23-C58B-4C7A-AF4D-1F12B23995C5}.Debug|Any CPU.ActiveCfg = Debug|Any CPU
		{7B038A23-C58B-4C7A-AF4D-1F12B23995C5}.Debug|Any CPU.Build.0 = Debug|Any CPU
		{7B038A23-C58B-4C7A-AF4D-1F12B23995C5}.Release|Any CPU.ActiveCfg = Release|Any CPU
		{7B038A23-C58B-4C7A-AF4D-1F12B23995C5}.Release|Any CPU.Build.0 = Release|Any CPU
		{10A16A3C-38D8-4CB8-8C92-F631D866A531}.Debug|Any CPU.ActiveCfg = Debug|Any CPU
		{10A16A3C-38D8-4CB8-8C92-F631D866A531}.Debug|Any CPU.Build.0 = Debug|Any CPU
		{10A16A3C-38D8-4CB8-8C92-F631D866A531}.Release|Any CPU.ActiveCfg = Release|Any CPU
		{10A16A3C-38D8-4CB8-8C92-F631D866A531}.Release|Any CPU.Build.0 = Release|Any CPU
		{B446805F-221F-4655-BD33-000E20CE79A6}.Debug|Any CPU.ActiveCfg = Debug|Any CPU
		{B446805F-221F-4655-BD33-000E20CE79A6}.Debug|Any CPU.Build.0 = Debug|Any CPU
		{B446805F-221F-4655-BD33-000E20CE79A6}.Release|Any CPU.ActiveCfg = Release|Any CPU
		{B446805F-221F-4655-BD33-000E20CE79A6}.Release|Any CPU.Build.0 = Release|Any CPU
		{BA67A836-5E11-4527-B25D-D648FB790C1A}.Debug|Any CPU.ActiveCfg = Debug|Any CPU
		{BA67A836-5E11-4527-B25D-D648FB790C1A}.Debug|Any CPU.Build.0 = Debug|Any CPU
		{BA67A836-5E11-4527-B25D-D648FB790C1A}.Release|Any CPU.ActiveCfg = Release|Any CPU
		{BA67A836-5E11-4527-B25D-D648FB790C1A}.Release|Any CPU.Build.0 = Release|Any CPU
	EndGlobalSection
EndGlobal
